// !$*UTF8*$!
{
	archiveVersion = 1;
	classes = {
	};
	objectVersion = 55;
	objects = {

/* Begin PBXBuildFile section */
		1A04A7A828B7C61700403B7F /* PostSection.swift in Sources */ = {isa = PBXBuildFile; fileRef = 1A04A7A728B7C61700403B7F /* PostSection.swift */; };
		1A04A7B228B7DACA00403B7F /* PostSectionImageTableViewCell.swift in Sources */ = {isa = PBXBuildFile; fileRef = 1A04A7B028B7DACA00403B7F /* PostSectionImageTableViewCell.swift */; };
		1A04A7B328B7DACA00403B7F /* PostSectionImageTableViewCell.xib in Resources */ = {isa = PBXBuildFile; fileRef = 1A04A7B128B7DACA00403B7F /* PostSectionImageTableViewCell.xib */; };
		1A04A7B628B7DADD00403B7F /* PostSectionTitleTableViewCell.swift in Sources */ = {isa = PBXBuildFile; fileRef = 1A04A7B428B7DADD00403B7F /* PostSectionTitleTableViewCell.swift */; };
		1A04A7B728B7DADD00403B7F /* PostSectionTitleTableViewCell.xib in Resources */ = {isa = PBXBuildFile; fileRef = 1A04A7B528B7DADD00403B7F /* PostSectionTitleTableViewCell.xib */; };
		1A04A7BA28B7DAEF00403B7F /* PostSectionSubtitleTableViewCell.swift in Sources */ = {isa = PBXBuildFile; fileRef = 1A04A7B828B7DAEF00403B7F /* PostSectionSubtitleTableViewCell.swift */; };
		1A04A7BB28B7DAEF00403B7F /* PostSectionSubtitleTableViewCell.xib in Resources */ = {isa = PBXBuildFile; fileRef = 1A04A7B928B7DAEF00403B7F /* PostSectionSubtitleTableViewCell.xib */; };
		1A04A7BE28B7DB0100403B7F /* PostSectionQuoteTableViewCell.swift in Sources */ = {isa = PBXBuildFile; fileRef = 1A04A7BC28B7DB0100403B7F /* PostSectionQuoteTableViewCell.swift */; };
		1A04A7BF28B7DB0100403B7F /* PostSectionQuoteTableViewCell.xib in Resources */ = {isa = PBXBuildFile; fileRef = 1A04A7BD28B7DB0100403B7F /* PostSectionQuoteTableViewCell.xib */; };
		1A04A7C228B7DB1400403B7F /* PostSectionDescriptionTableViewCell.swift in Sources */ = {isa = PBXBuildFile; fileRef = 1A04A7C028B7DB1400403B7F /* PostSectionDescriptionTableViewCell.swift */; };
		1A04A7C328B7DB1400403B7F /* PostSectionDescriptionTableViewCell.xib in Resources */ = {isa = PBXBuildFile; fileRef = 1A04A7C128B7DB1400403B7F /* PostSectionDescriptionTableViewCell.xib */; };
		1A04A7C528BA7B7700403B7F /* CVFile.swift in Sources */ = {isa = PBXBuildFile; fileRef = 1A04A7C428BA7B7700403B7F /* CVFile.swift */; };
		1A04A7C928BB72A200403B7F /* PhotoAlbumDetailViewController.swift in Sources */ = {isa = PBXBuildFile; fileRef = 1A04A7C728BB72A200403B7F /* PhotoAlbumDetailViewController.swift */; };
		1A04A7CA28BB72A200403B7F /* PhotoAlbumDetailViewController.xib in Resources */ = {isa = PBXBuildFile; fileRef = 1A04A7C828BB72A200403B7F /* PhotoAlbumDetailViewController.xib */; };
		1A0887C828BB8BC10065A3EB /* CustomImageView.swift in Sources */ = {isa = PBXBuildFile; fileRef = 1A0887C728BB8BC10065A3EB /* CustomImageView.swift */; };
		1A734F6D28CFC8F900BC4BE2 /* BlogHeaderTableViewCell.swift in Sources */ = {isa = PBXBuildFile; fileRef = 1A734F6B28CFC8F900BC4BE2 /* BlogHeaderTableViewCell.swift */; };
		1A734F6E28CFC8F900BC4BE2 /* BlogHeaderTableViewCell.xib in Resources */ = {isa = PBXBuildFile; fileRef = 1A734F6C28CFC8F900BC4BE2 /* BlogHeaderTableViewCell.xib */; };
		1A7A59BB28A405B600D5667D /* AppDelegate.swift in Sources */ = {isa = PBXBuildFile; fileRef = 1A7A59BA28A405B600D5667D /* AppDelegate.swift */; };
		1A7A59BD28A405B600D5667D /* SceneDelegate.swift in Sources */ = {isa = PBXBuildFile; fileRef = 1A7A59BC28A405B600D5667D /* SceneDelegate.swift */; };
		1A7A59C428A405B700D5667D /* Assets.xcassets in Resources */ = {isa = PBXBuildFile; fileRef = 1A7A59C328A405B700D5667D /* Assets.xcassets */; };
		1A7A59C728A405B700D5667D /* LaunchScreen.storyboard in Resources */ = {isa = PBXBuildFile; fileRef = 1A7A59C528A405B700D5667D /* LaunchScreen.storyboard */; };
		1A7A59D228A405B700D5667D /* aitorzubizarretTests.swift in Sources */ = {isa = PBXBuildFile; fileRef = 1A7A59D128A405B700D5667D /* aitorzubizarretTests.swift */; };
		1A7A59DC28A405B700D5667D /* aitorzubizarretUITests.swift in Sources */ = {isa = PBXBuildFile; fileRef = 1A7A59DB28A405B700D5667D /* aitorzubizarretUITests.swift */; };
		1A7A59DE28A405B700D5667D /* aitorzubizarretUITestsLaunchTests.swift in Sources */ = {isa = PBXBuildFile; fileRef = 1A7A59DD28A405B700D5667D /* aitorzubizarretUITestsLaunchTests.swift */; };
		1A910E6228CE4FFE0078831E /* BlogPost.swift in Sources */ = {isa = PBXBuildFile; fileRef = 1A910E6128CE4FFE0078831E /* BlogPost.swift */; };
		1A910E6428CE50370078831E /* BlogTag.swift in Sources */ = {isa = PBXBuildFile; fileRef = 1A910E6328CE50370078831E /* BlogTag.swift */; };
		1A910E6628CE505A0078831E /* BlogDescription.swift in Sources */ = {isa = PBXBuildFile; fileRef = 1A910E6528CE505A0078831E /* BlogDescription.swift */; };
		1AA268B328D7476700CE5FD9 /* AboutMeViewModel.swift in Sources */ = {isa = PBXBuildFile; fileRef = 1AA268B228D7476700CE5FD9 /* AboutMeViewModel.swift */; };
		1AC80EF828A407710049E901 /* MainViewController.swift in Sources */ = {isa = PBXBuildFile; fileRef = 1AC80EF628A407710049E901 /* MainViewController.swift */; };
		1AC80EF928A407710049E901 /* MainViewController.xib in Resources */ = {isa = PBXBuildFile; fileRef = 1AC80EF728A407710049E901 /* MainViewController.xib */; };
		1AC80F0328A568BB0049E901 /* AboutMeTableViewCell.swift in Sources */ = {isa = PBXBuildFile; fileRef = 1AC80F0128A568BB0049E901 /* AboutMeTableViewCell.swift */; };
		1AC80F0428A568BB0049E901 /* AboutMeTableViewCell.xib in Resources */ = {isa = PBXBuildFile; fileRef = 1AC80F0228A568BB0049E901 /* AboutMeTableViewCell.xib */; };
		1AC80F0828A568D30049E901 /* CVTableViewCell.swift in Sources */ = {isa = PBXBuildFile; fileRef = 1AC80F0628A568D30049E901 /* CVTableViewCell.swift */; };
		1AC80F0928A568D30049E901 /* CVTableViewCell.xib in Resources */ = {isa = PBXBuildFile; fileRef = 1AC80F0728A568D30049E901 /* CVTableViewCell.xib */; };
		1AC80F0D28A568F30049E901 /* ContactMeTableViewCell.swift in Sources */ = {isa = PBXBuildFile; fileRef = 1AC80F0B28A568F30049E901 /* ContactMeTableViewCell.swift */; };
		1AC80F0E28A568F30049E901 /* ContactMeTableViewCell.xib in Resources */ = {isa = PBXBuildFile; fileRef = 1AC80F0C28A568F30049E901 /* ContactMeTableViewCell.xib */; };
		1AC80F1228A569170049E901 /* PhotosAlbumTableViewCell.swift in Sources */ = {isa = PBXBuildFile; fileRef = 1AC80F1028A569170049E901 /* PhotosAlbumTableViewCell.swift */; };
		1AC80F1328A569170049E901 /* PhotosAlbumTableViewCell.xib in Resources */ = {isa = PBXBuildFile; fileRef = 1AC80F1128A569170049E901 /* PhotosAlbumTableViewCell.xib */; };
		1AC80F1728A906360049E901 /* AboutMeViewController.swift in Sources */ = {isa = PBXBuildFile; fileRef = 1AC80F1528A906360049E901 /* AboutMeViewController.swift */; };
		1AC80F1828A906360049E901 /* AboutMeViewController.xib in Resources */ = {isa = PBXBuildFile; fileRef = 1AC80F1628A906360049E901 /* AboutMeViewController.xib */; };
		1AC80F1E28A906850049E901 /* CVViewController.swift in Sources */ = {isa = PBXBuildFile; fileRef = 1AC80F1C28A906850049E901 /* CVViewController.swift */; };
		1AC80F1F28A906850049E901 /* CVViewController.xib in Resources */ = {isa = PBXBuildFile; fileRef = 1AC80F1D28A906850049E901 /* CVViewController.xib */; };
		1AC80F2228A906980049E901 /* ContactMeViewController.swift in Sources */ = {isa = PBXBuildFile; fileRef = 1AC80F2028A906980049E901 /* ContactMeViewController.swift */; };
		1AC80F2328A906980049E901 /* ContactMeViewController.xib in Resources */ = {isa = PBXBuildFile; fileRef = 1AC80F2128A906980049E901 /* ContactMeViewController.xib */; };
		1AC80F2A28A907240049E901 /* PhotoAlbumViewController.swift in Sources */ = {isa = PBXBuildFile; fileRef = 1AC80F2828A907240049E901 /* PhotoAlbumViewController.swift */; };
		1AC80F2B28A907240049E901 /* PhotoAlbumViewController.xib in Resources */ = {isa = PBXBuildFile; fileRef = 1AC80F2928A907240049E901 /* PhotoAlbumViewController.xib */; };
		1AC80F2F28A949940049E901 /* PhotoThumbnailCollectionViewCell.swift in Sources */ = {isa = PBXBuildFile; fileRef = 1AC80F2D28A949940049E901 /* PhotoThumbnailCollectionViewCell.swift */; };
		1AC80F3028A949940049E901 /* PhotoThumbnailCollectionViewCell.xib in Resources */ = {isa = PBXBuildFile; fileRef = 1AC80F2E28A949940049E901 /* PhotoThumbnailCollectionViewCell.xib */; };
		1AC80F3328AB01180049E901 /* APIManager.swift in Sources */ = {isa = PBXBuildFile; fileRef = 1AC80F3228AB01180049E901 /* APIManager.swift */; };
		1AC80F3528AB03730049E901 /* Photo.swift in Sources */ = {isa = PBXBuildFile; fileRef = 1AC80F3428AB03730049E901 /* Photo.swift */; };
		1AC80F3728ABECBC0049E901 /* DataManager.swift in Sources */ = {isa = PBXBuildFile; fileRef = 1AC80F3628ABECBC0049E901 /* DataManager.swift */; };
		1AC80F3A28ABF5C40049E901 /* UIImageView+Extension.swift in Sources */ = {isa = PBXBuildFile; fileRef = 1AC80F3928ABF5C40049E901 /* UIImageView+Extension.swift */; };
/* End PBXBuildFile section */

/* Begin PBXContainerItemProxy section */
		1A7A59CE28A405B700D5667D /* PBXContainerItemProxy */ = {
			isa = PBXContainerItemProxy;
			containerPortal = 1A7A59AF28A405B600D5667D /* Project object */;
			proxyType = 1;
			remoteGlobalIDString = 1A7A59B628A405B600D5667D;
			remoteInfo = aitorzubizarret;
		};
		1A7A59D828A405B700D5667D /* PBXContainerItemProxy */ = {
			isa = PBXContainerItemProxy;
			containerPortal = 1A7A59AF28A405B600D5667D /* Project object */;
			proxyType = 1;
			remoteGlobalIDString = 1A7A59B628A405B600D5667D;
			remoteInfo = aitorzubizarret;
		};
/* End PBXContainerItemProxy section */

/* Begin PBXFileReference section */
		1A04A7A728B7C61700403B7F /* PostSection.swift */ = {isa = PBXFileReference; lastKnownFileType = sourcecode.swift; path = PostSection.swift; sourceTree = "<group>"; };
		1A04A7B028B7DACA00403B7F /* PostSectionImageTableViewCell.swift */ = {isa = PBXFileReference; lastKnownFileType = sourcecode.swift; path = PostSectionImageTableViewCell.swift; sourceTree = "<group>"; };
		1A04A7B128B7DACA00403B7F /* PostSectionImageTableViewCell.xib */ = {isa = PBXFileReference; lastKnownFileType = file.xib; path = PostSectionImageTableViewCell.xib; sourceTree = "<group>"; };
		1A04A7B428B7DADD00403B7F /* PostSectionTitleTableViewCell.swift */ = {isa = PBXFileReference; lastKnownFileType = sourcecode.swift; path = PostSectionTitleTableViewCell.swift; sourceTree = "<group>"; };
		1A04A7B528B7DADD00403B7F /* PostSectionTitleTableViewCell.xib */ = {isa = PBXFileReference; lastKnownFileType = file.xib; path = PostSectionTitleTableViewCell.xib; sourceTree = "<group>"; };
		1A04A7B828B7DAEF00403B7F /* PostSectionSubtitleTableViewCell.swift */ = {isa = PBXFileReference; lastKnownFileType = sourcecode.swift; path = PostSectionSubtitleTableViewCell.swift; sourceTree = "<group>"; };
		1A04A7B928B7DAEF00403B7F /* PostSectionSubtitleTableViewCell.xib */ = {isa = PBXFileReference; lastKnownFileType = file.xib; path = PostSectionSubtitleTableViewCell.xib; sourceTree = "<group>"; };
		1A04A7BC28B7DB0100403B7F /* PostSectionQuoteTableViewCell.swift */ = {isa = PBXFileReference; lastKnownFileType = sourcecode.swift; path = PostSectionQuoteTableViewCell.swift; sourceTree = "<group>"; };
		1A04A7BD28B7DB0100403B7F /* PostSectionQuoteTableViewCell.xib */ = {isa = PBXFileReference; lastKnownFileType = file.xib; path = PostSectionQuoteTableViewCell.xib; sourceTree = "<group>"; };
		1A04A7C028B7DB1400403B7F /* PostSectionDescriptionTableViewCell.swift */ = {isa = PBXFileReference; lastKnownFileType = sourcecode.swift; path = PostSectionDescriptionTableViewCell.swift; sourceTree = "<group>"; };
		1A04A7C128B7DB1400403B7F /* PostSectionDescriptionTableViewCell.xib */ = {isa = PBXFileReference; lastKnownFileType = file.xib; path = PostSectionDescriptionTableViewCell.xib; sourceTree = "<group>"; };
		1A04A7C428BA7B7700403B7F /* CVFile.swift */ = {isa = PBXFileReference; lastKnownFileType = sourcecode.swift; path = CVFile.swift; sourceTree = "<group>"; };
		1A04A7C728BB72A200403B7F /* PhotoAlbumDetailViewController.swift */ = {isa = PBXFileReference; lastKnownFileType = sourcecode.swift; path = PhotoAlbumDetailViewController.swift; sourceTree = "<group>"; };
		1A04A7C828BB72A200403B7F /* PhotoAlbumDetailViewController.xib */ = {isa = PBXFileReference; lastKnownFileType = file.xib; path = PhotoAlbumDetailViewController.xib; sourceTree = "<group>"; };
		1A0887C728BB8BC10065A3EB /* CustomImageView.swift */ = {isa = PBXFileReference; lastKnownFileType = sourcecode.swift; path = CustomImageView.swift; sourceTree = "<group>"; };
		1A734F6B28CFC8F900BC4BE2 /* BlogHeaderTableViewCell.swift */ = {isa = PBXFileReference; lastKnownFileType = sourcecode.swift; path = BlogHeaderTableViewCell.swift; sourceTree = "<group>"; };
		1A734F6C28CFC8F900BC4BE2 /* BlogHeaderTableViewCell.xib */ = {isa = PBXFileReference; lastKnownFileType = file.xib; path = BlogHeaderTableViewCell.xib; sourceTree = "<group>"; };
		1A7A59B728A405B600D5667D /* aitorzubizarret.app */ = {isa = PBXFileReference; explicitFileType = wrapper.application; includeInIndex = 0; path = aitorzubizarret.app; sourceTree = BUILT_PRODUCTS_DIR; };
		1A7A59BA28A405B600D5667D /* AppDelegate.swift */ = {isa = PBXFileReference; lastKnownFileType = sourcecode.swift; path = AppDelegate.swift; sourceTree = "<group>"; };
		1A7A59BC28A405B600D5667D /* SceneDelegate.swift */ = {isa = PBXFileReference; lastKnownFileType = sourcecode.swift; path = SceneDelegate.swift; sourceTree = "<group>"; };
		1A7A59C328A405B700D5667D /* Assets.xcassets */ = {isa = PBXFileReference; lastKnownFileType = folder.assetcatalog; path = Assets.xcassets; sourceTree = "<group>"; };
		1A7A59C628A405B700D5667D /* Base */ = {isa = PBXFileReference; lastKnownFileType = file.storyboard; name = Base; path = Base.lproj/LaunchScreen.storyboard; sourceTree = "<group>"; };
		1A7A59C828A405B700D5667D /* Info.plist */ = {isa = PBXFileReference; lastKnownFileType = text.plist.xml; path = Info.plist; sourceTree = "<group>"; };
		1A7A59CD28A405B700D5667D /* aitorzubizarretTests.xctest */ = {isa = PBXFileReference; explicitFileType = wrapper.cfbundle; includeInIndex = 0; path = aitorzubizarretTests.xctest; sourceTree = BUILT_PRODUCTS_DIR; };
		1A7A59D128A405B700D5667D /* aitorzubizarretTests.swift */ = {isa = PBXFileReference; lastKnownFileType = sourcecode.swift; path = aitorzubizarretTests.swift; sourceTree = "<group>"; };
		1A7A59D728A405B700D5667D /* aitorzubizarretUITests.xctest */ = {isa = PBXFileReference; explicitFileType = wrapper.cfbundle; includeInIndex = 0; path = aitorzubizarretUITests.xctest; sourceTree = BUILT_PRODUCTS_DIR; };
		1A7A59DB28A405B700D5667D /* aitorzubizarretUITests.swift */ = {isa = PBXFileReference; lastKnownFileType = sourcecode.swift; path = aitorzubizarretUITests.swift; sourceTree = "<group>"; };
		1A7A59DD28A405B700D5667D /* aitorzubizarretUITestsLaunchTests.swift */ = {isa = PBXFileReference; lastKnownFileType = sourcecode.swift; path = aitorzubizarretUITestsLaunchTests.swift; sourceTree = "<group>"; };
		1A80DE5928CD435C00F2DED5 /* README.md */ = {isa = PBXFileReference; lastKnownFileType = net.daringfireball.markdown; path = README.md; sourceTree = "<group>"; };
		1A910E6128CE4FFE0078831E /* BlogPost.swift */ = {isa = PBXFileReference; lastKnownFileType = sourcecode.swift; path = BlogPost.swift; sourceTree = "<group>"; };
		1A910E6328CE50370078831E /* BlogTag.swift */ = {isa = PBXFileReference; lastKnownFileType = sourcecode.swift; path = BlogTag.swift; sourceTree = "<group>"; };
		1A910E6528CE505A0078831E /* BlogDescription.swift */ = {isa = PBXFileReference; lastKnownFileType = sourcecode.swift; path = BlogDescription.swift; sourceTree = "<group>"; };
		1AA268B228D7476700CE5FD9 /* AboutMeViewModel.swift */ = {isa = PBXFileReference; lastKnownFileType = sourcecode.swift; path = AboutMeViewModel.swift; sourceTree = "<group>"; };
		1AC80EF628A407710049E901 /* MainViewController.swift */ = {isa = PBXFileReference; lastKnownFileType = sourcecode.swift; path = MainViewController.swift; sourceTree = "<group>"; };
		1AC80EF728A407710049E901 /* MainViewController.xib */ = {isa = PBXFileReference; lastKnownFileType = file.xib; path = MainViewController.xib; sourceTree = "<group>"; };
		1AC80F0128A568BB0049E901 /* AboutMeTableViewCell.swift */ = {isa = PBXFileReference; lastKnownFileType = sourcecode.swift; path = AboutMeTableViewCell.swift; sourceTree = "<group>"; };
		1AC80F0228A568BB0049E901 /* AboutMeTableViewCell.xib */ = {isa = PBXFileReference; lastKnownFileType = file.xib; path = AboutMeTableViewCell.xib; sourceTree = "<group>"; };
		1AC80F0628A568D30049E901 /* CVTableViewCell.swift */ = {isa = PBXFileReference; lastKnownFileType = sourcecode.swift; path = CVTableViewCell.swift; sourceTree = "<group>"; };
		1AC80F0728A568D30049E901 /* CVTableViewCell.xib */ = {isa = PBXFileReference; lastKnownFileType = file.xib; path = CVTableViewCell.xib; sourceTree = "<group>"; };
		1AC80F0B28A568F30049E901 /* ContactMeTableViewCell.swift */ = {isa = PBXFileReference; lastKnownFileType = sourcecode.swift; path = ContactMeTableViewCell.swift; sourceTree = "<group>"; };
		1AC80F0C28A568F30049E901 /* ContactMeTableViewCell.xib */ = {isa = PBXFileReference; lastKnownFileType = file.xib; path = ContactMeTableViewCell.xib; sourceTree = "<group>"; };
		1AC80F1028A569170049E901 /* PhotosAlbumTableViewCell.swift */ = {isa = PBXFileReference; lastKnownFileType = sourcecode.swift; path = PhotosAlbumTableViewCell.swift; sourceTree = "<group>"; };
		1AC80F1128A569170049E901 /* PhotosAlbumTableViewCell.xib */ = {isa = PBXFileReference; lastKnownFileType = file.xib; path = PhotosAlbumTableViewCell.xib; sourceTree = "<group>"; };
		1AC80F1528A906360049E901 /* AboutMeViewController.swift */ = {isa = PBXFileReference; lastKnownFileType = sourcecode.swift; path = AboutMeViewController.swift; sourceTree = "<group>"; };
		1AC80F1628A906360049E901 /* AboutMeViewController.xib */ = {isa = PBXFileReference; lastKnownFileType = file.xib; path = AboutMeViewController.xib; sourceTree = "<group>"; };
		1AC80F1C28A906850049E901 /* CVViewController.swift */ = {isa = PBXFileReference; lastKnownFileType = sourcecode.swift; path = CVViewController.swift; sourceTree = "<group>"; };
		1AC80F1D28A906850049E901 /* CVViewController.xib */ = {isa = PBXFileReference; lastKnownFileType = file.xib; path = CVViewController.xib; sourceTree = "<group>"; };
		1AC80F2028A906980049E901 /* ContactMeViewController.swift */ = {isa = PBXFileReference; lastKnownFileType = sourcecode.swift; path = ContactMeViewController.swift; sourceTree = "<group>"; };
		1AC80F2128A906980049E901 /* ContactMeViewController.xib */ = {isa = PBXFileReference; lastKnownFileType = file.xib; path = ContactMeViewController.xib; sourceTree = "<group>"; };
		1AC80F2828A907240049E901 /* PhotoAlbumViewController.swift */ = {isa = PBXFileReference; lastKnownFileType = sourcecode.swift; path = PhotoAlbumViewController.swift; sourceTree = "<group>"; };
		1AC80F2928A907240049E901 /* PhotoAlbumViewController.xib */ = {isa = PBXFileReference; lastKnownFileType = file.xib; path = PhotoAlbumViewController.xib; sourceTree = "<group>"; };
		1AC80F2D28A949940049E901 /* PhotoThumbnailCollectionViewCell.swift */ = {isa = PBXFileReference; lastKnownFileType = sourcecode.swift; path = PhotoThumbnailCollectionViewCell.swift; sourceTree = "<group>"; };
		1AC80F2E28A949940049E901 /* PhotoThumbnailCollectionViewCell.xib */ = {isa = PBXFileReference; lastKnownFileType = file.xib; path = PhotoThumbnailCollectionViewCell.xib; sourceTree = "<group>"; };
		1AC80F3228AB01180049E901 /* APIManager.swift */ = {isa = PBXFileReference; lastKnownFileType = sourcecode.swift; path = APIManager.swift; sourceTree = "<group>"; };
		1AC80F3428AB03730049E901 /* Photo.swift */ = {isa = PBXFileReference; lastKnownFileType = sourcecode.swift; path = Photo.swift; sourceTree = "<group>"; };
		1AC80F3628ABECBC0049E901 /* DataManager.swift */ = {isa = PBXFileReference; lastKnownFileType = sourcecode.swift; path = DataManager.swift; sourceTree = "<group>"; };
		1AC80F3928ABF5C40049E901 /* UIImageView+Extension.swift */ = {isa = PBXFileReference; lastKnownFileType = sourcecode.swift; path = "UIImageView+Extension.swift"; sourceTree = "<group>"; };
/* End PBXFileReference section */

/* Begin PBXFrameworksBuildPhase section */
		1A7A59B428A405B600D5667D /* Frameworks */ = {
			isa = PBXFrameworksBuildPhase;
			buildActionMask = 2147483647;
			files = (
			);
			runOnlyForDeploymentPostprocessing = 0;
		};
		1A7A59CA28A405B700D5667D /* Frameworks */ = {
			isa = PBXFrameworksBuildPhase;
			buildActionMask = 2147483647;
			files = (
			);
			runOnlyForDeploymentPostprocessing = 0;
		};
		1A7A59D428A405B700D5667D /* Frameworks */ = {
			isa = PBXFrameworksBuildPhase;
			buildActionMask = 2147483647;
			files = (
			);
			runOnlyForDeploymentPostprocessing = 0;
		};
/* End PBXFrameworksBuildPhase section */

/* Begin PBXGroup section */
		1A04A7AA28B7D90A00403B7F /* Title */ = {
			isa = PBXGroup;
			children = (
				1A04A7B428B7DADD00403B7F /* PostSectionTitleTableViewCell.swift */,
				1A04A7B528B7DADD00403B7F /* PostSectionTitleTableViewCell.xib */,
			);
			path = Title;
			sourceTree = "<group>";
		};
		1A04A7AB28B7D9E100403B7F /* PostSections */ = {
			isa = PBXGroup;
			children = (
				1A04A7AD28B7D9FB00403B7F /* Image */,
				1A04A7AA28B7D90A00403B7F /* Title */,
				1A04A7AC28B7D9EF00403B7F /* Subtitle */,
				1A04A7AE28B7DA0500403B7F /* Quote */,
				1A04A7AF28B7DA0D00403B7F /* Description */,
			);
			path = PostSections;
			sourceTree = "<group>";
		};
		1A04A7AC28B7D9EF00403B7F /* Subtitle */ = {
			isa = PBXGroup;
			children = (
				1A04A7B828B7DAEF00403B7F /* PostSectionSubtitleTableViewCell.swift */,
				1A04A7B928B7DAEF00403B7F /* PostSectionSubtitleTableViewCell.xib */,
			);
			path = Subtitle;
			sourceTree = "<group>";
		};
		1A04A7AD28B7D9FB00403B7F /* Image */ = {
			isa = PBXGroup;
			children = (
				1A04A7B028B7DACA00403B7F /* PostSectionImageTableViewCell.swift */,
				1A04A7B128B7DACA00403B7F /* PostSectionImageTableViewCell.xib */,
			);
			path = Image;
			sourceTree = "<group>";
		};
		1A04A7AE28B7DA0500403B7F /* Quote */ = {
			isa = PBXGroup;
			children = (
				1A04A7BC28B7DB0100403B7F /* PostSectionQuoteTableViewCell.swift */,
				1A04A7BD28B7DB0100403B7F /* PostSectionQuoteTableViewCell.xib */,
			);
			path = Quote;
			sourceTree = "<group>";
		};
		1A04A7AF28B7DA0D00403B7F /* Description */ = {
			isa = PBXGroup;
			children = (
				1A04A7C028B7DB1400403B7F /* PostSectionDescriptionTableViewCell.swift */,
				1A04A7C128B7DB1400403B7F /* PostSectionDescriptionTableViewCell.xib */,
			);
			path = Description;
			sourceTree = "<group>";
		};
		1A04A7C628BB728100403B7F /* Detail */ = {
			isa = PBXGroup;
			children = (
				1A04A7C728BB72A200403B7F /* PhotoAlbumDetailViewController.swift */,
				1A04A7C828BB72A200403B7F /* PhotoAlbumDetailViewController.xib */,
			);
			path = Detail;
			sourceTree = "<group>";
		};
		1A0887C628BB8BA20065A3EB /* Custom */ = {
			isa = PBXGroup;
			children = (
				1A0887C728BB8BC10065A3EB /* CustomImageView.swift */,
			);
			path = Custom;
			sourceTree = "<group>";
		};
		1A734F6A28CFC76900BC4BE2 /* BlogHeaderCell */ = {
			isa = PBXGroup;
			children = (
				1A734F6B28CFC8F900BC4BE2 /* BlogHeaderTableViewCell.swift */,
				1A734F6C28CFC8F900BC4BE2 /* BlogHeaderTableViewCell.xib */,
			);
			path = BlogHeaderCell;
			sourceTree = "<group>";
		};
		1A7A59AE28A405B600D5667D = {
			isa = PBXGroup;
			children = (
				1A80DE5928CD435C00F2DED5 /* README.md */,
				1A7A59B928A405B600D5667D /* aitorzubizarret */,
				1A7A59D028A405B700D5667D /* aitorzubizarretTests */,
				1A7A59DA28A405B700D5667D /* aitorzubizarretUITests */,
				1A7A59B828A405B600D5667D /* Products */,
			);
			sourceTree = "<group>";
		};
		1A7A59B828A405B600D5667D /* Products */ = {
			isa = PBXGroup;
			children = (
				1A7A59B728A405B600D5667D /* aitorzubizarret.app */,
				1A7A59CD28A405B700D5667D /* aitorzubizarretTests.xctest */,
				1A7A59D728A405B700D5667D /* aitorzubizarretUITests.xctest */,
			);
			name = Products;
			sourceTree = "<group>";
		};
		1A7A59B928A405B600D5667D /* aitorzubizarret */ = {
			isa = PBXGroup;
			children = (
				1A7A59BA28A405B600D5667D /* AppDelegate.swift */,
				1A7A59BC28A405B600D5667D /* SceneDelegate.swift */,
				1AC80EF428A4074D0049E901 /* Models */,
				1AC80F3128AB01090049E901 /* Managers */,
				1AC80EF328A407460049E901 /* Views */,
				1AA268B128D742C200CE5FD9 /* ViewModels */,
				1AC80EFA28A567AA0049E901 /* Cells */,
				1AC80F3828ABF5A90049E901 /* Extensions */,
				1A0887C628BB8BA20065A3EB /* Custom */,
				1A7A59C328A405B700D5667D /* Assets.xcassets */,
				1A7A59C828A405B700D5667D /* Info.plist */,
			);
			path = aitorzubizarret;
			sourceTree = "<group>";
		};
		1A7A59D028A405B700D5667D /* aitorzubizarretTests */ = {
			isa = PBXGroup;
			children = (
				1A7A59D128A405B700D5667D /* aitorzubizarretTests.swift */,
			);
			path = aitorzubizarretTests;
			sourceTree = "<group>";
		};
		1A7A59DA28A405B700D5667D /* aitorzubizarretUITests */ = {
			isa = PBXGroup;
			children = (
				1A7A59DB28A405B700D5667D /* aitorzubizarretUITests.swift */,
				1A7A59DD28A405B700D5667D /* aitorzubizarretUITestsLaunchTests.swift */,
			);
			path = aitorzubizarretUITests;
			sourceTree = "<group>";
		};
		1A7B3B2128C14FF9008A41D6 /* Main */ = {
			isa = PBXGroup;
			children = (
				1AC80F0028A568A40049E901 /* AboutMeCell */,
				1AC80F0528A568C40049E901 /* CVCell */,
				1AC80F0A28A568DC0049E901 /* ContactMeCell */,
				1AC80F0F28A568FB0049E901 /* PhotosAlbumCell */,
				1A734F6A28CFC76900BC4BE2 /* BlogHeaderCell */,
			);
			path = Main;
			sourceTree = "<group>";
		};
		1AA268B128D742C200CE5FD9 /* ViewModels */ = {
			isa = PBXGroup;
			children = (
				1AA268B228D7476700CE5FD9 /* AboutMeViewModel.swift */,
			);
			path = ViewModels;
			sourceTree = "<group>";
		};
		1AC80EF328A407460049E901 /* Views */ = {
			isa = PBXGroup;
			children = (
				1A7A59C528A405B700D5667D /* LaunchScreen.storyboard */,
				1AC80EF528A407580049E901 /* Main */,
				1AC80F1428A906190049E901 /* AboutMe */,
				1AC80F1928A906400049E901 /* CV */,
				1AC80F1A28A9064E0049E901 /* ContactMe */,
				1AC80F1B28A9065E0049E901 /* PhotoAlbum */,
			);
			path = Views;
			sourceTree = "<group>";
		};
		1AC80EF428A4074D0049E901 /* Models */ = {
			isa = PBXGroup;
			children = (
				1A04A7A728B7C61700403B7F /* PostSection.swift */,
				1A04A7C428BA7B7700403B7F /* CVFile.swift */,
				1AC80F3428AB03730049E901 /* Photo.swift */,
				1A910E6128CE4FFE0078831E /* BlogPost.swift */,
				1A910E6328CE50370078831E /* BlogTag.swift */,
				1A910E6528CE505A0078831E /* BlogDescription.swift */,
			);
			path = Models;
			sourceTree = "<group>";
		};
		1AC80EF528A407580049E901 /* Main */ = {
			isa = PBXGroup;
			children = (
				1AC80EF628A407710049E901 /* MainViewController.swift */,
				1AC80EF728A407710049E901 /* MainViewController.xib */,
			);
			path = Main;
			sourceTree = "<group>";
		};
		1AC80EFA28A567AA0049E901 /* Cells */ = {
			isa = PBXGroup;
			children = (
				1A7B3B2128C14FF9008A41D6 /* Main */,
				1A04A7AB28B7D9E100403B7F /* PostSections */,
				1AC80F2C28A949350049E901 /* PhotoThumbnailCell */,
			);
			path = Cells;
			sourceTree = "<group>";
		};
		1AC80F0028A568A40049E901 /* AboutMeCell */ = {
			isa = PBXGroup;
			children = (
				1AC80F0128A568BB0049E901 /* AboutMeTableViewCell.swift */,
				1AC80F0228A568BB0049E901 /* AboutMeTableViewCell.xib */,
			);
			path = AboutMeCell;
			sourceTree = "<group>";
		};
		1AC80F0528A568C40049E901 /* CVCell */ = {
			isa = PBXGroup;
			children = (
				1AC80F0628A568D30049E901 /* CVTableViewCell.swift */,
				1AC80F0728A568D30049E901 /* CVTableViewCell.xib */,
			);
			path = CVCell;
			sourceTree = "<group>";
		};
		1AC80F0A28A568DC0049E901 /* ContactMeCell */ = {
			isa = PBXGroup;
			children = (
				1AC80F0B28A568F30049E901 /* ContactMeTableViewCell.swift */,
				1AC80F0C28A568F30049E901 /* ContactMeTableViewCell.xib */,
			);
			path = ContactMeCell;
			sourceTree = "<group>";
		};
		1AC80F0F28A568FB0049E901 /* PhotosAlbumCell */ = {
			isa = PBXGroup;
			children = (
				1AC80F1028A569170049E901 /* PhotosAlbumTableViewCell.swift */,
				1AC80F1128A569170049E901 /* PhotosAlbumTableViewCell.xib */,
			);
			path = PhotosAlbumCell;
			sourceTree = "<group>";
		};
		1AC80F1428A906190049E901 /* AboutMe */ = {
			isa = PBXGroup;
			children = (
				1AC80F1528A906360049E901 /* AboutMeViewController.swift */,
				1AC80F1628A906360049E901 /* AboutMeViewController.xib */,
			);
			path = AboutMe;
			sourceTree = "<group>";
		};
		1AC80F1928A906400049E901 /* CV */ = {
			isa = PBXGroup;
			children = (
				1AC80F1C28A906850049E901 /* CVViewController.swift */,
				1AC80F1D28A906850049E901 /* CVViewController.xib */,
			);
			path = CV;
			sourceTree = "<group>";
		};
		1AC80F1A28A9064E0049E901 /* ContactMe */ = {
			isa = PBXGroup;
			children = (
				1AC80F2028A906980049E901 /* ContactMeViewController.swift */,
				1AC80F2128A906980049E901 /* ContactMeViewController.xib */,
			);
			path = ContactMe;
			sourceTree = "<group>";
		};
		1AC80F1B28A9065E0049E901 /* PhotoAlbum */ = {
			isa = PBXGroup;
			children = (
				1AC80F2828A907240049E901 /* PhotoAlbumViewController.swift */,
				1AC80F2928A907240049E901 /* PhotoAlbumViewController.xib */,
				1A04A7C628BB728100403B7F /* Detail */,
			);
			path = PhotoAlbum;
			sourceTree = "<group>";
		};
		1AC80F2C28A949350049E901 /* PhotoThumbnailCell */ = {
			isa = PBXGroup;
			children = (
				1AC80F2D28A949940049E901 /* PhotoThumbnailCollectionViewCell.swift */,
				1AC80F2E28A949940049E901 /* PhotoThumbnailCollectionViewCell.xib */,
			);
			path = PhotoThumbnailCell;
			sourceTree = "<group>";
		};
		1AC80F3128AB01090049E901 /* Managers */ = {
			isa = PBXGroup;
			children = (
				1AC80F3228AB01180049E901 /* APIManager.swift */,
				1AC80F3628ABECBC0049E901 /* DataManager.swift */,
			);
			path = Managers;
			sourceTree = "<group>";
		};
		1AC80F3828ABF5A90049E901 /* Extensions */ = {
			isa = PBXGroup;
			children = (
				1AC80F3928ABF5C40049E901 /* UIImageView+Extension.swift */,
			);
			path = Extensions;
			sourceTree = "<group>";
		};
/* End PBXGroup section */

/* Begin PBXNativeTarget section */
		1A7A59B628A405B600D5667D /* aitorzubizarret */ = {
			isa = PBXNativeTarget;
			buildConfigurationList = 1A7A59E128A405B700D5667D /* Build configuration list for PBXNativeTarget "aitorzubizarret" */;
			buildPhases = (
				1A7A59B328A405B600D5667D /* Sources */,
				1A7A59B428A405B600D5667D /* Frameworks */,
				1A7A59B528A405B600D5667D /* Resources */,
			);
			buildRules = (
			);
			dependencies = (
			);
			name = aitorzubizarret;
			productName = aitorzubizarret;
			productReference = 1A7A59B728A405B600D5667D /* aitorzubizarret.app */;
			productType = "com.apple.product-type.application";
		};
		1A7A59CC28A405B700D5667D /* aitorzubizarretTests */ = {
			isa = PBXNativeTarget;
			buildConfigurationList = 1A7A59E428A405B700D5667D /* Build configuration list for PBXNativeTarget "aitorzubizarretTests" */;
			buildPhases = (
				1A7A59C928A405B700D5667D /* Sources */,
				1A7A59CA28A405B700D5667D /* Frameworks */,
				1A7A59CB28A405B700D5667D /* Resources */,
			);
			buildRules = (
			);
			dependencies = (
				1A7A59CF28A405B700D5667D /* PBXTargetDependency */,
			);
			name = aitorzubizarretTests;
			productName = aitorzubizarretTests;
			productReference = 1A7A59CD28A405B700D5667D /* aitorzubizarretTests.xctest */;
			productType = "com.apple.product-type.bundle.unit-test";
		};
		1A7A59D628A405B700D5667D /* aitorzubizarretUITests */ = {
			isa = PBXNativeTarget;
			buildConfigurationList = 1A7A59E728A405B700D5667D /* Build configuration list for PBXNativeTarget "aitorzubizarretUITests" */;
			buildPhases = (
				1A7A59D328A405B700D5667D /* Sources */,
				1A7A59D428A405B700D5667D /* Frameworks */,
				1A7A59D528A405B700D5667D /* Resources */,
			);
			buildRules = (
			);
			dependencies = (
				1A7A59D928A405B700D5667D /* PBXTargetDependency */,
			);
			name = aitorzubizarretUITests;
			productName = aitorzubizarretUITests;
			productReference = 1A7A59D728A405B700D5667D /* aitorzubizarretUITests.xctest */;
			productType = "com.apple.product-type.bundle.ui-testing";
		};
/* End PBXNativeTarget section */

/* Begin PBXProject section */
		1A7A59AF28A405B600D5667D /* Project object */ = {
			isa = PBXProject;
			attributes = {
				BuildIndependentTargetsInParallel = 1;
				LastSwiftUpdateCheck = 1340;
				LastUpgradeCheck = 1340;
				TargetAttributes = {
					1A7A59B628A405B600D5667D = {
						CreatedOnToolsVersion = 13.4.1;
					};
					1A7A59CC28A405B700D5667D = {
						CreatedOnToolsVersion = 13.4.1;
						TestTargetID = 1A7A59B628A405B600D5667D;
					};
					1A7A59D628A405B700D5667D = {
						CreatedOnToolsVersion = 13.4.1;
						TestTargetID = 1A7A59B628A405B600D5667D;
					};
				};
			};
			buildConfigurationList = 1A7A59B228A405B600D5667D /* Build configuration list for PBXProject "aitorzubizarret" */;
			compatibilityVersion = "Xcode 13.0";
			developmentRegion = en;
			hasScannedForEncodings = 0;
			knownRegions = (
				en,
				Base,
			);
			mainGroup = 1A7A59AE28A405B600D5667D;
			productRefGroup = 1A7A59B828A405B600D5667D /* Products */;
			projectDirPath = "";
			projectRoot = "";
			targets = (
				1A7A59B628A405B600D5667D /* aitorzubizarret */,
				1A7A59CC28A405B700D5667D /* aitorzubizarretTests */,
				1A7A59D628A405B700D5667D /* aitorzubizarretUITests */,
			);
		};
/* End PBXProject section */

/* Begin PBXResourcesBuildPhase section */
		1A7A59B528A405B600D5667D /* Resources */ = {
			isa = PBXResourcesBuildPhase;
			buildActionMask = 2147483647;
			files = (
				1A04A7B728B7DADD00403B7F /* PostSectionTitleTableViewCell.xib in Resources */,
				1AC80F2B28A907240049E901 /* PhotoAlbumViewController.xib in Resources */,
				1AC80F0E28A568F30049E901 /* ContactMeTableViewCell.xib in Resources */,
				1A04A7C328B7DB1400403B7F /* PostSectionDescriptionTableViewCell.xib in Resources */,
				1A04A7CA28BB72A200403B7F /* PhotoAlbumDetailViewController.xib in Resources */,
				1A04A7BB28B7DAEF00403B7F /* PostSectionSubtitleTableViewCell.xib in Resources */,
				1AC80F0928A568D30049E901 /* CVTableViewCell.xib in Resources */,
				1A7A59C728A405B700D5667D /* LaunchScreen.storyboard in Resources */,
				1AC80F2328A906980049E901 /* ContactMeViewController.xib in Resources */,
				1AC80F0428A568BB0049E901 /* AboutMeTableViewCell.xib in Resources */,
				1AC80EF928A407710049E901 /* MainViewController.xib in Resources */,
				1AC80F1328A569170049E901 /* PhotosAlbumTableViewCell.xib in Resources */,
				1A734F6E28CFC8F900BC4BE2 /* BlogHeaderTableViewCell.xib in Resources */,
				1A04A7BF28B7DB0100403B7F /* PostSectionQuoteTableViewCell.xib in Resources */,
				1AC80F1F28A906850049E901 /* CVViewController.xib in Resources */,
				1AC80F1828A906360049E901 /* AboutMeViewController.xib in Resources */,
				1AC80F3028A949940049E901 /* PhotoThumbnailCollectionViewCell.xib in Resources */,
				1A04A7B328B7DACA00403B7F /* PostSectionImageTableViewCell.xib in Resources */,
				1A7A59C428A405B700D5667D /* Assets.xcassets in Resources */,
			);
			runOnlyForDeploymentPostprocessing = 0;
		};
		1A7A59CB28A405B700D5667D /* Resources */ = {
			isa = PBXResourcesBuildPhase;
			buildActionMask = 2147483647;
			files = (
			);
			runOnlyForDeploymentPostprocessing = 0;
		};
		1A7A59D528A405B700D5667D /* Resources */ = {
			isa = PBXResourcesBuildPhase;
			buildActionMask = 2147483647;
			files = (
			);
			runOnlyForDeploymentPostprocessing = 0;
		};
/* End PBXResourcesBuildPhase section */

/* Begin PBXSourcesBuildPhase section */
		1A7A59B328A405B600D5667D /* Sources */ = {
			isa = PBXSourcesBuildPhase;
			buildActionMask = 2147483647;
			files = (
				1A04A7C228B7DB1400403B7F /* PostSectionDescriptionTableViewCell.swift in Sources */,
				1A04A7BE28B7DB0100403B7F /* PostSectionQuoteTableViewCell.swift in Sources */,
				1A04A7A828B7C61700403B7F /* PostSection.swift in Sources */,
				1AC80F3528AB03730049E901 /* Photo.swift in Sources */,
				1AC80F3728ABECBC0049E901 /* DataManager.swift in Sources */,
				1AC80F2A28A907240049E901 /* PhotoAlbumViewController.swift in Sources */,
				1A7A59BB28A405B600D5667D /* AppDelegate.swift in Sources */,
				1AC80F1E28A906850049E901 /* CVViewController.swift in Sources */,
				1AC80F1228A569170049E901 /* PhotosAlbumTableViewCell.swift in Sources */,
				1A04A7B228B7DACA00403B7F /* PostSectionImageTableViewCell.swift in Sources */,
				1AC80F1728A906360049E901 /* AboutMeViewController.swift in Sources */,
				1AC80F0328A568BB0049E901 /* AboutMeTableViewCell.swift in Sources */,
				1A04A7C928BB72A200403B7F /* PhotoAlbumDetailViewController.swift in Sources */,
				1AC80F2228A906980049E901 /* ContactMeViewController.swift in Sources */,
				1AC80F0D28A568F30049E901 /* ContactMeTableViewCell.swift in Sources */,
				1AC80F3A28ABF5C40049E901 /* UIImageView+Extension.swift in Sources */,
				1A734F6D28CFC8F900BC4BE2 /* BlogHeaderTableViewCell.swift in Sources */,
				1A04A7B628B7DADD00403B7F /* PostSectionTitleTableViewCell.swift in Sources */,
				1A910E6228CE4FFE0078831E /* BlogPost.swift in Sources */,
				1A04A7C528BA7B7700403B7F /* CVFile.swift in Sources */,
				1A7A59BD28A405B600D5667D /* SceneDelegate.swift in Sources */,
				1A04A7BA28B7DAEF00403B7F /* PostSectionSubtitleTableViewCell.swift in Sources */,
				1AC80EF828A407710049E901 /* MainViewController.swift in Sources */,
				1AC80F3328AB01180049E901 /* APIManager.swift in Sources */,
				1AC80F2F28A949940049E901 /* PhotoThumbnailCollectionViewCell.swift in Sources */,
				1A910E6628CE505A0078831E /* BlogDescription.swift in Sources */,
				1AA268B328D7476700CE5FD9 /* AboutMeViewModel.swift in Sources */,
				1A910E6428CE50370078831E /* BlogTag.swift in Sources */,
				1AC80F0828A568D30049E901 /* CVTableViewCell.swift in Sources */,
				1A0887C828BB8BC10065A3EB /* CustomImageView.swift in Sources */,
			);
			runOnlyForDeploymentPostprocessing = 0;
		};
		1A7A59C928A405B700D5667D /* Sources */ = {
			isa = PBXSourcesBuildPhase;
			buildActionMask = 2147483647;
			files = (
				1A7A59D228A405B700D5667D /* aitorzubizarretTests.swift in Sources */,
			);
			runOnlyForDeploymentPostprocessing = 0;
		};
		1A7A59D328A405B700D5667D /* Sources */ = {
			isa = PBXSourcesBuildPhase;
			buildActionMask = 2147483647;
			files = (
				1A7A59DE28A405B700D5667D /* aitorzubizarretUITestsLaunchTests.swift in Sources */,
				1A7A59DC28A405B700D5667D /* aitorzubizarretUITests.swift in Sources */,
			);
			runOnlyForDeploymentPostprocessing = 0;
		};
/* End PBXSourcesBuildPhase section */

/* Begin PBXTargetDependency section */
		1A7A59CF28A405B700D5667D /* PBXTargetDependency */ = {
			isa = PBXTargetDependency;
			target = 1A7A59B628A405B600D5667D /* aitorzubizarret */;
			targetProxy = 1A7A59CE28A405B700D5667D /* PBXContainerItemProxy */;
		};
		1A7A59D928A405B700D5667D /* PBXTargetDependency */ = {
			isa = PBXTargetDependency;
			target = 1A7A59B628A405B600D5667D /* aitorzubizarret */;
			targetProxy = 1A7A59D828A405B700D5667D /* PBXContainerItemProxy */;
		};
/* End PBXTargetDependency section */

/* Begin PBXVariantGroup section */
		1A7A59C528A405B700D5667D /* LaunchScreen.storyboard */ = {
			isa = PBXVariantGroup;
			children = (
				1A7A59C628A405B700D5667D /* Base */,
			);
			name = LaunchScreen.storyboard;
			sourceTree = "<group>";
		};
/* End PBXVariantGroup section */

/* Begin XCBuildConfiguration section */
		1A7A59DF28A405B700D5667D /* Debug */ = {
			isa = XCBuildConfiguration;
			buildSettings = {
				ALWAYS_SEARCH_USER_PATHS = NO;
				CLANG_ANALYZER_NONNULL = YES;
				CLANG_ANALYZER_NUMBER_OBJECT_CONVERSION = YES_AGGRESSIVE;
				CLANG_CXX_LANGUAGE_STANDARD = "gnu++17";
				CLANG_ENABLE_MODULES = YES;
				CLANG_ENABLE_OBJC_ARC = YES;
				CLANG_ENABLE_OBJC_WEAK = YES;
				CLANG_WARN_BLOCK_CAPTURE_AUTORELEASING = YES;
				CLANG_WARN_BOOL_CONVERSION = YES;
				CLANG_WARN_COMMA = YES;
				CLANG_WARN_CONSTANT_CONVERSION = YES;
				CLANG_WARN_DEPRECATED_OBJC_IMPLEMENTATIONS = YES;
				CLANG_WARN_DIRECT_OBJC_ISA_USAGE = YES_ERROR;
				CLANG_WARN_DOCUMENTATION_COMMENTS = YES;
				CLANG_WARN_EMPTY_BODY = YES;
				CLANG_WARN_ENUM_CONVERSION = YES;
				CLANG_WARN_INFINITE_RECURSION = YES;
				CLANG_WARN_INT_CONVERSION = YES;
				CLANG_WARN_NON_LITERAL_NULL_CONVERSION = YES;
				CLANG_WARN_OBJC_IMPLICIT_RETAIN_SELF = YES;
				CLANG_WARN_OBJC_LITERAL_CONVERSION = YES;
				CLANG_WARN_OBJC_ROOT_CLASS = YES_ERROR;
				CLANG_WARN_QUOTED_INCLUDE_IN_FRAMEWORK_HEADER = YES;
				CLANG_WARN_RANGE_LOOP_ANALYSIS = YES;
				CLANG_WARN_STRICT_PROTOTYPES = YES;
				CLANG_WARN_SUSPICIOUS_MOVE = YES;
				CLANG_WARN_UNGUARDED_AVAILABILITY = YES_AGGRESSIVE;
				CLANG_WARN_UNREACHABLE_CODE = YES;
				CLANG_WARN__DUPLICATE_METHOD_MATCH = YES;
				COPY_PHASE_STRIP = NO;
				DEBUG_INFORMATION_FORMAT = dwarf;
				ENABLE_STRICT_OBJC_MSGSEND = YES;
				ENABLE_TESTABILITY = YES;
				GCC_C_LANGUAGE_STANDARD = gnu11;
				GCC_DYNAMIC_NO_PIC = NO;
				GCC_NO_COMMON_BLOCKS = YES;
				GCC_OPTIMIZATION_LEVEL = 0;
				GCC_PREPROCESSOR_DEFINITIONS = (
					"DEBUG=1",
					"$(inherited)",
				);
				GCC_WARN_64_TO_32_BIT_CONVERSION = YES;
				GCC_WARN_ABOUT_RETURN_TYPE = YES_ERROR;
				GCC_WARN_UNDECLARED_SELECTOR = YES;
				GCC_WARN_UNINITIALIZED_AUTOS = YES_AGGRESSIVE;
				GCC_WARN_UNUSED_FUNCTION = YES;
				GCC_WARN_UNUSED_VARIABLE = YES;
				IPHONEOS_DEPLOYMENT_TARGET = 15.0;
				MTL_ENABLE_DEBUG_INFO = INCLUDE_SOURCE;
				MTL_FAST_MATH = YES;
				ONLY_ACTIVE_ARCH = YES;
				SDKROOT = iphoneos;
				SWIFT_ACTIVE_COMPILATION_CONDITIONS = DEBUG;
				SWIFT_OPTIMIZATION_LEVEL = "-Onone";
			};
			name = Debug;
		};
		1A7A59E028A405B700D5667D /* Release */ = {
			isa = XCBuildConfiguration;
			buildSettings = {
				ALWAYS_SEARCH_USER_PATHS = NO;
				CLANG_ANALYZER_NONNULL = YES;
				CLANG_ANALYZER_NUMBER_OBJECT_CONVERSION = YES_AGGRESSIVE;
				CLANG_CXX_LANGUAGE_STANDARD = "gnu++17";
				CLANG_ENABLE_MODULES = YES;
				CLANG_ENABLE_OBJC_ARC = YES;
				CLANG_ENABLE_OBJC_WEAK = YES;
				CLANG_WARN_BLOCK_CAPTURE_AUTORELEASING = YES;
				CLANG_WARN_BOOL_CONVERSION = YES;
				CLANG_WARN_COMMA = YES;
				CLANG_WARN_CONSTANT_CONVERSION = YES;
				CLANG_WARN_DEPRECATED_OBJC_IMPLEMENTATIONS = YES;
				CLANG_WARN_DIRECT_OBJC_ISA_USAGE = YES_ERROR;
				CLANG_WARN_DOCUMENTATION_COMMENTS = YES;
				CLANG_WARN_EMPTY_BODY = YES;
				CLANG_WARN_ENUM_CONVERSION = YES;
				CLANG_WARN_INFINITE_RECURSION = YES;
				CLANG_WARN_INT_CONVERSION = YES;
				CLANG_WARN_NON_LITERAL_NULL_CONVERSION = YES;
				CLANG_WARN_OBJC_IMPLICIT_RETAIN_SELF = YES;
				CLANG_WARN_OBJC_LITERAL_CONVERSION = YES;
				CLANG_WARN_OBJC_ROOT_CLASS = YES_ERROR;
				CLANG_WARN_QUOTED_INCLUDE_IN_FRAMEWORK_HEADER = YES;
				CLANG_WARN_RANGE_LOOP_ANALYSIS = YES;
				CLANG_WARN_STRICT_PROTOTYPES = YES;
				CLANG_WARN_SUSPICIOUS_MOVE = YES;
				CLANG_WARN_UNGUARDED_AVAILABILITY = YES_AGGRESSIVE;
				CLANG_WARN_UNREACHABLE_CODE = YES;
				CLANG_WARN__DUPLICATE_METHOD_MATCH = YES;
				COPY_PHASE_STRIP = NO;
				DEBUG_INFORMATION_FORMAT = "dwarf-with-dsym";
				ENABLE_NS_ASSERTIONS = NO;
				ENABLE_STRICT_OBJC_MSGSEND = YES;
				GCC_C_LANGUAGE_STANDARD = gnu11;
				GCC_NO_COMMON_BLOCKS = YES;
				GCC_WARN_64_TO_32_BIT_CONVERSION = YES;
				GCC_WARN_ABOUT_RETURN_TYPE = YES_ERROR;
				GCC_WARN_UNDECLARED_SELECTOR = YES;
				GCC_WARN_UNINITIALIZED_AUTOS = YES_AGGRESSIVE;
				GCC_WARN_UNUSED_FUNCTION = YES;
				GCC_WARN_UNUSED_VARIABLE = YES;
				IPHONEOS_DEPLOYMENT_TARGET = 15.0;
				MTL_ENABLE_DEBUG_INFO = NO;
				MTL_FAST_MATH = YES;
				SDKROOT = iphoneos;
				SWIFT_COMPILATION_MODE = wholemodule;
				SWIFT_OPTIMIZATION_LEVEL = "-O";
				VALIDATE_PRODUCT = YES;
			};
			name = Release;
		};
		1A7A59E228A405B700D5667D /* Debug */ = {
			isa = XCBuildConfiguration;
			buildSettings = {
				ASSETCATALOG_COMPILER_APPICON_NAME = AppIcon;
				ASSETCATALOG_COMPILER_GLOBAL_ACCENT_COLOR_NAME = AccentColor;
				CODE_SIGN_STYLE = Automatic;
				CURRENT_PROJECT_VERSION = 1;
				DEVELOPMENT_TEAM = V9WUS7ZBGW;
				GENERATE_INFOPLIST_FILE = YES;
				INFOPLIST_FILE = aitorzubizarret/Info.plist;
				INFOPLIST_KEY_NSContactsUsageDescription = "Para poder guardar entre tus contactos a Aitor Zubizarreta.";
				INFOPLIST_KEY_UIApplicationSupportsIndirectInputEvents = YES;
				INFOPLIST_KEY_UILaunchStoryboardName = LaunchScreen;
				INFOPLIST_KEY_UISupportedInterfaceOrientations = UIInterfaceOrientationPortrait;
				INFOPLIST_KEY_UISupportedInterfaceOrientations_iPad = "UIInterfaceOrientationPortrait UIInterfaceOrientationPortraitUpsideDown UIInterfaceOrientationLandscapeLeft UIInterfaceOrientationLandscapeRight";
				INFOPLIST_KEY_UISupportedInterfaceOrientations_iPhone = "UIInterfaceOrientationPortrait UIInterfaceOrientationLandscapeLeft UIInterfaceOrientationLandscapeRight";
				IPHONEOS_DEPLOYMENT_TARGET = 15.0;
				LD_RUNPATH_SEARCH_PATHS = (
					"$(inherited)",
					"@executable_path/Frameworks",
				);
				MARKETING_VERSION = 1.0;
				PRODUCT_BUNDLE_IDENTIFIER = eus.aitorzubizarreta.aitorzubizarret;
				PRODUCT_NAME = "$(TARGET_NAME)";
				SWIFT_EMIT_LOC_STRINGS = YES;
				SWIFT_VERSION = 5.0;
				TARGETED_DEVICE_FAMILY = 1;
			};
			name = Debug;
		};
		1A7A59E328A405B700D5667D /* Release */ = {
			isa = XCBuildConfiguration;
			buildSettings = {
				ASSETCATALOG_COMPILER_APPICON_NAME = AppIcon;
				ASSETCATALOG_COMPILER_GLOBAL_ACCENT_COLOR_NAME = AccentColor;
				CODE_SIGN_STYLE = Automatic;
				CURRENT_PROJECT_VERSION = 1;
				DEVELOPMENT_TEAM = V9WUS7ZBGW;
				GENERATE_INFOPLIST_FILE = YES;
				INFOPLIST_FILE = aitorzubizarret/Info.plist;
				INFOPLIST_KEY_NSContactsUsageDescription = "Para poder guardar entre tus contactos a Aitor Zubizarreta.";
				INFOPLIST_KEY_UIApplicationSupportsIndirectInputEvents = YES;
				INFOPLIST_KEY_UILaunchStoryboardName = LaunchScreen;
				INFOPLIST_KEY_UISupportedInterfaceOrientations = UIInterfaceOrientationPortrait;
				INFOPLIST_KEY_UISupportedInterfaceOrientations_iPad = "UIInterfaceOrientationPortrait UIInterfaceOrientationPortraitUpsideDown UIInterfaceOrientationLandscapeLeft UIInterfaceOrientationLandscapeRight";
				INFOPLIST_KEY_UISupportedInterfaceOrientations_iPhone = "UIInterfaceOrientationPortrait UIInterfaceOrientationLandscapeLeft UIInterfaceOrientationLandscapeRight";
				IPHONEOS_DEPLOYMENT_TARGET = 15.0;
				LD_RUNPATH_SEARCH_PATHS = (
					"$(inherited)",
					"@executable_path/Frameworks",
				);
				MARKETING_VERSION = 1.0;
				PRODUCT_BUNDLE_IDENTIFIER = eus.aitorzubizarreta.aitorzubizarret;
				PRODUCT_NAME = "$(TARGET_NAME)";
				SWIFT_EMIT_LOC_STRINGS = YES;
				SWIFT_VERSION = 5.0;
				TARGETED_DEVICE_FAMILY = 1;
			};
			name = Release;
		};
		1A7A59E528A405B700D5667D /* Debug */ = {
			isa = XCBuildConfiguration;
			buildSettings = {
				ALWAYS_EMBED_SWIFT_STANDARD_LIBRARIES = YES;
				BUNDLE_LOADER = "$(TEST_HOST)";
				CODE_SIGN_STYLE = Automatic;
				CURRENT_PROJECT_VERSION = 1;
				DEVELOPMENT_TEAM = V9WUS7ZBGW;
				GENERATE_INFOPLIST_FILE = YES;
				IPHONEOS_DEPLOYMENT_TARGET = 15.5;
				MARKETING_VERSION = 1.0;
				PRODUCT_BUNDLE_IDENTIFIER = eus.aitorzubizarreta.aitorzubizarretTests;
				PRODUCT_NAME = "$(TARGET_NAME)";
				SWIFT_EMIT_LOC_STRINGS = NO;
				SWIFT_VERSION = 5.0;
				TARGETED_DEVICE_FAMILY = "1,2";
				TEST_HOST = "$(BUILT_PRODUCTS_DIR)/aitorzubizarret.app/aitorzubizarret";
			};
			name = Debug;
		};
		1A7A59E628A405B700D5667D /* Release */ = {
			isa = XCBuildConfiguration;
			buildSettings = {
				ALWAYS_EMBED_SWIFT_STANDARD_LIBRARIES = YES;
				BUNDLE_LOADER = "$(TEST_HOST)";
				CODE_SIGN_STYLE = Automatic;
				CURRENT_PROJECT_VERSION = 1;
				DEVELOPMENT_TEAM = V9WUS7ZBGW;
				GENERATE_INFOPLIST_FILE = YES;
				IPHONEOS_DEPLOYMENT_TARGET = 15.5;
				MARKETING_VERSION = 1.0;
				PRODUCT_BUNDLE_IDENTIFIER = eus.aitorzubizarreta.aitorzubizarretTests;
				PRODUCT_NAME = "$(TARGET_NAME)";
				SWIFT_EMIT_LOC_STRINGS = NO;
				SWIFT_VERSION = 5.0;
				TARGETED_DEVICE_FAMILY = "1,2";
				TEST_HOST = "$(BUILT_PRODUCTS_DIR)/aitorzubizarret.app/aitorzubizarret";
			};
			name = Release;
		};
		1A7A59E828A405B700D5667D /* Debug */ = {
			isa = XCBuildConfiguration;
			buildSettings = {
				ALWAYS_EMBED_SWIFT_STANDARD_LIBRARIES = YES;
				CODE_SIGN_STYLE = Automatic;
				CURRENT_PROJECT_VERSION = 1;
				DEVELOPMENT_TEAM = V9WUS7ZBGW;
				GENERATE_INFOPLIST_FILE = YES;
				MARKETING_VERSION = 1.0;
				PRODUCT_BUNDLE_IDENTIFIER = eus.aitorzubizarreta.aitorzubizarretUITests;
				PRODUCT_NAME = "$(TARGET_NAME)";
				SWIFT_EMIT_LOC_STRINGS = NO;
				SWIFT_VERSION = 5.0;
				TARGETED_DEVICE_FAMILY = "1,2";
				TEST_TARGET_NAME = aitorzubizarret;
			};
			name = Debug;
		};
		1A7A59E928A405B700D5667D /* Release */ = {
			isa = XCBuildConfiguration;
			buildSettings = {
				ALWAYS_EMBED_SWIFT_STANDARD_LIBRARIES = YES;
				CODE_SIGN_STYLE = Automatic;
				CURRENT_PROJECT_VERSION = 1;
				DEVELOPMENT_TEAM = V9WUS7ZBGW;
				GENERATE_INFOPLIST_FILE = YES;
				MARKETING_VERSION = 1.0;
				PRODUCT_BUNDLE_IDENTIFIER = eus.aitorzubizarreta.aitorzubizarretUITests;
				PRODUCT_NAME = "$(TARGET_NAME)";
				SWIFT_EMIT_LOC_STRINGS = NO;
				SWIFT_VERSION = 5.0;
				TARGETED_DEVICE_FAMILY = "1,2";
				TEST_TARGET_NAME = aitorzubizarret;
			};
			name = Release;
		};
/* End XCBuildConfiguration section */

/* Begin XCConfigurationList section */
		1A7A59B228A405B600D5667D /* Build configuration list for PBXProject "aitorzubizarret" */ = {
			isa = XCConfigurationList;
			buildConfigurations = (
				1A7A59DF28A405B700D5667D /* Debug */,
				1A7A59E028A405B700D5667D /* Release */,
			);
			defaultConfigurationIsVisible = 0;
			defaultConfigurationName = Release;
		};
		1A7A59E128A405B700D5667D /* Build configuration list for PBXNativeTarget "aitorzubizarret" */ = {
			isa = XCConfigurationList;
			buildConfigurations = (
				1A7A59E228A405B700D5667D /* Debug */,
				1A7A59E328A405B700D5667D /* Release */,
			);
			defaultConfigurationIsVisible = 0;
			defaultConfigurationName = Release;
		};
		1A7A59E428A405B700D5667D /* Build configuration list for PBXNativeTarget "aitorzubizarretTests" */ = {
			isa = XCConfigurationList;
			buildConfigurations = (
				1A7A59E528A405B700D5667D /* Debug */,
				1A7A59E628A405B700D5667D /* Release */,
			);
			defaultConfigurationIsVisible = 0;
			defaultConfigurationName = Release;
		};
		1A7A59E728A405B700D5667D /* Build configuration list for PBXNativeTarget "aitorzubizarretUITests" */ = {
			isa = XCConfigurationList;
			buildConfigurations = (
				1A7A59E828A405B700D5667D /* Debug */,
				1A7A59E928A405B700D5667D /* Release */,
			);
			defaultConfigurationIsVisible = 0;
			defaultConfigurationName = Release;
		};
/* End XCConfigurationList section */
	};
	rootObject = 1A7A59AF28A405B600D5667D /* Project object */;
}
